
Microsoft Visual Studio Solution File, Format Version 12.00
# Visual Studio 2015
Project("{FAE04EC0-301F-11D3-BF4B-00C04F79EFBC}") = "mrdedine.CSharp.Plugins", "mrdedine.CSharp.Plugins.csproj", "{8BC64EBC-9FC7-495D-353B-F5391BB37448}"
EndProject
Project("{FAE04EC0-301F-11D3-BF4B-00C04F79EFBC}") = "mrdedine.CSharp.Editor", "mrdedine.CSharp.Editor.csproj", "{EAE42535-CCF5-A0F2-88F3-8576E8FE88DF}"
EndProject
Global
	GlobalSection(SolutionConfigurationPlatforms) = preSolution
		Debug|Any CPU = Debug|Any CPU
		Release|Any CPU = Release|Any CPU
	EndGlobalSection
	GlobalSection(ProjectConfigurationPlatforms) = postSolution
		{8BC64EBC-9FC7-495D-353B-F5391BB37448}.Debug|Any CPU.ActiveCfg = Debug|Any CPU
		{8BC64EBC-9FC7-495D-353B-F5391BB37448}.Debug|Any CPU.Build.0 = Debug|Any CPU
		{8BC64EBC-9FC7-495D-353B-F5391BB37448}.Release|Any CPU.ActiveCfg = Release|Any CPU
		{8BC64EBC-9FC7-495D-353B-F5391BB37448}.Release|Any CPU.Build.0 = Release|Any CPU
		{EAE42535-CCF5-A0F2-88F3-8576E8FE88DF}.Debug|Any CPU.ActiveCfg = Debug|Any CPU
		{EAE42535-CCF5-A0F2-88F3-8576E8FE88DF}.Debug|Any CPU.Build.0 = Debug|Any CPU
		{EAE42535-CCF5-A0F2-88F3-8576E8FE88DF}.Release|Any CPU.ActiveCfg = Release|Any CPU
		{EAE42535-CCF5-A0F2-88F3-8576E8FE88DF}.Release|Any CPU.Build.0 = Release|Any CPU
	EndGlobalSection
	GlobalSection(SolutionProperties) = preSolution
		HideSolutionNode = FALSE
	EndGlobalSection
EndGlobal
